// !$*UTF8*$!
{
	archiveVersion = 1;
	classes = {
	};
	objectVersion = 50;
	objects = {

/* Begin PBXBuildFile section */
		D952802326EA9CEA004F55CE /* AppDelegate.swift in Sources */ = {isa = PBXBuildFile; fileRef = D952802226EA9CEA004F55CE /* AppDelegate.swift */; };
		D952802526EA9CEA004F55CE /* SceneDelegate.swift in Sources */ = {isa = PBXBuildFile; fileRef = D952802426EA9CEA004F55CE /* SceneDelegate.swift */; };
		D952802726EA9CEA004F55CE /* ViewController.swift in Sources */ = {isa = PBXBuildFile; fileRef = D952802626EA9CEA004F55CE /* ViewController.swift */; };
		D952802A26EA9CEA004F55CE /* Main.storyboard in Resources */ = {isa = PBXBuildFile; fileRef = D952802826EA9CEA004F55CE /* Main.storyboard */; };
		D952802C26EA9CEC004F55CE /* Assets.xcassets in Resources */ = {isa = PBXBuildFile; fileRef = D952802B26EA9CEC004F55CE /* Assets.xcassets */; };
		D952802F26EA9CEC004F55CE /* LaunchScreen.storyboard in Resources */ = {isa = PBXBuildFile; fileRef = D952802D26EA9CEC004F55CE /* LaunchScreen.storyboard */; };
		D97D2BB826EBCC62003248CB /* itemTableViewCell.swift in Sources */ = {isa = PBXBuildFile; fileRef = D97D2BB626EBCC62003248CB /* itemTableViewCell.swift */; };
		D97D2BB926EBCC62003248CB /* itemTableViewCell.xib in Resources */ = {isa = PBXBuildFile; fileRef = D97D2BB726EBCC62003248CB /* itemTableViewCell.xib */; };
/* End PBXBuildFile section */

/* Begin PBXFileReference section */
		D952801F26EA9CEA004F55CE /* githubDemo.app */ = {isa = PBXFileReference; explicitFileType = wrapper.application; includeInIndex = 0; path = githubDemo.app; sourceTree = BUILT_PRODUCTS_DIR; };
		D952802226EA9CEA004F55CE /* AppDelegate.swift */ = {isa = PBXFileReference; lastKnownFileType = sourcecode.swift; path = AppDelegate.swift; sourceTree = "<group>"; };
		D952802426EA9CEA004F55CE /* SceneDelegate.swift */ = {isa = PBXFileReference; lastKnownFileType = sourcecode.swift; path = SceneDelegate.swift; sourceTree = "<group>"; };
		D952802626EA9CEA004F55CE /* ViewController.swift */ = {isa = PBXFileReference; lastKnownFileType = sourcecode.swift; path = ViewController.swift; sourceTree = "<group>"; };
		D952802926EA9CEA004F55CE /* Base */ = {isa = PBXFileReference; lastKnownFileType = file.storyboard; name = Base; path = Base.lproj/Main.storyboard; sourceTree = "<group>"; };
		D952802B26EA9CEC004F55CE /* Assets.xcassets */ = {isa = PBXFileReference; lastKnownFileType = folder.assetcatalog; path = Assets.xcassets; sourceTree = "<group>"; };
		D952802E26EA9CEC004F55CE /* Base */ = {isa = PBXFileReference; lastKnownFileType = file.storyboard; name = Base; path = Base.lproj/LaunchScreen.storyboard; sourceTree = "<group>"; };
		D952803026EA9CEC004F55CE /* Info.plist */ = {isa = PBXFileReference; lastKnownFileType = text.plist.xml; path = Info.plist; sourceTree = "<group>"; };
		D97D2BB626EBCC62003248CB /* itemTableViewCell.swift */ = {isa = PBXFileReference; lastKnownFileType = sourcecode.swift; path = itemTableViewCell.swift; sourceTree = "<group>"; };
		D97D2BB726EBCC62003248CB /* itemTableViewCell.xib */ = {isa = PBXFileReference; lastKnownFileType = file.xib; path = itemTableViewCell.xib; sourceTree = "<group>"; };
/* End PBXFileReference section */

/* Begin PBXFrameworksBuildPhase section */
		D952801C26EA9CEA004F55CE /* Frameworks */ = {
			isa = PBXFrameworksBuildPhase;
			buildActionMask = 2147483647;
			files = (
			);
			runOnlyForDeploymentPostprocessing = 0;
		};
/* End PBXFrameworksBuildPhase section */

/* Begin PBXGroup section */
		D952801626EA9CEA004F55CE = {
			isa = PBXGroup;
			children = (
				D952802126EA9CEA004F55CE /* githubDemo */,
				D952802026EA9CEA004F55CE /* Products */,
			);
			sourceTree = "<group>";
		};
		D952802026EA9CEA004F55CE /* Products */ = {
			isa = PBXGroup;
			children = (
				D952801F26EA9CEA004F55CE /* githubDemo.app */,
			);
			name = Products;
			sourceTree = "<group>";
		};
		D952802126EA9CEA004F55CE /* githubDemo */ = {
			isa = PBXGroup;
			children = (
				D952802226EA9CEA004F55CE /* AppDelegate.swift */,
				D952802426EA9CEA004F55CE /* SceneDelegate.swift */,
				D952802626EA9CEA004F55CE /* ViewController.swift */,
				D952802826EA9CEA004F55CE /* Main.storyboard */,
				D97D2BB626EBCC62003248CB /* itemTableViewCell.swift */,
				D97D2BB726EBCC62003248CB /* itemTableViewCell.xib */,
				D952802B26EA9CEC004F55CE /* Assets.xcassets */,
				D952802D26EA9CEC004F55CE /* LaunchScreen.storyboard */,
				D952803026EA9CEC004F55CE /* Info.plist */,
			);
			path = githubDemo;
			sourceTree = "<group>";
		};
/* End PBXGroup section */

/* Begin PBXNativeTarget section */
		D952801E26EA9CEA004F55CE /* githubDemo */ = {
			isa = PBXNativeTarget;
			buildConfigurationList = D952803326EA9CEC004F55CE /* Build configuration list for PBXNativeTarget "githubDemo" */;
			buildPhases = (
				D952801B26EA9CEA004F55CE /* Sources */,
				D952801C26EA9CEA004F55CE /* Frameworks */,
				D952801D26EA9CEA004F55CE /* Resources */,
			);
			buildRules = (
			);
			dependencies = (
			);
			name = githubDemo;
			productName = githubDemo;
			productReference = D952801F26EA9CEA004F55CE /* githubDemo.app */;
			productType = "com.apple.product-type.application";
		};
/* End PBXNativeTarget section */

/* Begin PBXProject section */
		D952801726EA9CEA004F55CE /* Project object */ = {
			isa = PBXProject;
			attributes = {
				LastSwiftUpdateCheck = 1210;
				LastUpgradeCheck = 1210;
				TargetAttributes = {
					D952801E26EA9CEA004F55CE = {
						CreatedOnToolsVersion = 12.1;
					};
				};
			};
			buildConfigurationList = D952801A26EA9CEA004F55CE /* Build configuration list for PBXProject "githubDemo" */;
			compatibilityVersion = "Xcode 9.3";
			developmentRegion = en;
			hasScannedForEncodings = 0;
			knownRegions = (
				en,
				Base,
			);
			mainGroup = D952801626EA9CEA004F55CE;
			productRefGroup = D952802026EA9CEA004F55CE /* Products */;
			projectDirPath = "";
			projectRoot = "";
			targets = (
				D952801E26EA9CEA004F55CE /* githubDemo */,
			);
		};
/* End PBXProject section */

/* Begin PBXResourcesBuildPhase section */
		D952801D26EA9CEA004F55CE /* Resources */ = {
			isa = PBXResourcesBuildPhase;
			buildActionMask = 2147483647;
			files = (
				D97D2BB926EBCC62003248CB /* itemTableViewCell.xib in Resources */,
				D952802F26EA9CEC004F55CE /* LaunchScreen.storyboard in Resources */,
				D952802C26EA9CEC004F55CE /* Assets.xcassets in Resources */,
				D952802A26EA9CEA004F55CE /* Main.storyboard in Resources */,
			);
			runOnlyForDeploymentPostprocessing = 0;
		};
/* End PBXResourcesBuildPhase section */

/* Begin PBXSourcesBuildPhase section */
		D952801B26EA9CEA004F55CE /* Sources */ = {
			isa = PBXSourcesBuildPhase;
			buildActionMask = 2147483647;
			files = (
				D97D2BB826EBCC62003248CB /* itemTableViewCell.swift in Sources */,
				D952802726EA9CEA004F55CE /* ViewController.swift in Sources */,
				D952802326EA9CEA004F55CE /* AppDelegate.swift in Sources */,
				D952802526EA9CEA004F55CE /* SceneDelegate.swift in Sources */,
			);
			runOnlyForDeploymentPostprocessing = 0;
		};
/* End PBXSourcesBuildPhase section */

/* Begin PBXVariantGroup section */
		D952802826EA9CEA004F55CE /* Main.storyboard */ = {
			isa = PBXVariantGroup;
			children = (
				D952802926EA9CEA004F55CE /* Base */,
			);
			name = Main.storyboard;
			sourceTree = "<group>";
		};
		D952802D26EA9CEC004F55CE /* LaunchScreen.storyboard */ = {
			isa = PBXVariantGroup;
			children = (
				D952802E26EA9CEC004F55CE /* Base */,
			);
			name = LaunchScreen.storyboard;
			sourceTree = "<group>";
		};
/* End PBXVariantGroup section */

/* Begin XCBuildConfiguration section */
		D952803126EA9CEC004F55CE /* Debug */ = {
			isa = XCBuildConfiguration;
			buildSettings = {
				ALWAYS_SEARCH_USER_PATHS = NO;
				CLANG_ANALYZER_NONNULL = YES;
				CLANG_ANALYZER_NUMBER_OBJECT_CONVERSION = YES_AGGRESSIVE;
				CLANG_CXX_LANGUAGE_STANDARD = "gnu++14";
				CLANG_CXX_LIBRARY = "libc++";
				CLANG_ENABLE_MODULES = YES;
				CLANG_ENABLE_OBJC_ARC = YES;
				CLANG_ENABLE_OBJC_WEAK = YES;
				CLANG_WARN_BLOCK_CAPTURE_AUTORELEASING = YES;
				CLANG_WARN_BOOL_CONVERSION = YES;
				CLANG_WARN_COMMA = YES;
				CLANG_WARN_CONSTANT_CONVERSION = YES;
				CLANG_WARN_DEPRECATED_OBJC_IMPLEMENTATIONS = YES;
				CLANG_WARN_DIRECT_OBJC_ISA_USAGE = YES_ERROR;
				CLANG_WARN_DOCUMENTATION_COMMENTS = YES;
				CLANG_WARN_EMPTY_BODY = YES;
				CLANG_WARN_ENUM_CONVERSION = YES;
				CLANG_WARN_INFINITE_RECURSION = YES;
				CLANG_WARN_INT_CONVERSION = YES;
				CLANG_WARN_NON_LITERAL_NULL_CONVERSION = YES;
				CLANG_WARN_OBJC_IMPLICIT_RETAIN_SELF = YES;
				CLANG_WARN_OBJC_LITERAL_CONVERSION = YES;
				CLANG_WARN_OBJC_ROOT_CLASS = YES_ERROR;
				CLANG_WARN_QUOTED_INCLUDE_IN_FRAMEWORK_HEADER = YES;
				CLANG_WARN_RANGE_LOOP_ANALYSIS = YES;
				CLANG_WARN_STRICT_PROTOTYPES = YES;
				CLANG_WARN_SUSPICIOUS_MOVE = YES;
				CLANG_WARN_UNGUARDED_AVAILABILITY = YES_AGGRESSIVE;
				CLANG_WARN_UNREACHABLE_CODE = YES;
				CLANG_WARN__DUPLICATE_METHOD_MATCH = YES;
				COPY_PHASE_STRIP = NO;
				DEBUG_INFORMATION_FORMAT = dwarf;
				ENABLE_STRICT_OBJC_MSGSEND = YES;
				ENABLE_TESTABILITY = YES;
				GCC_C_LANGUAGE_STANDARD = gnu11;
				GCC_DYNAMIC_NO_PIC = NO;
				GCC_NO_COMMON_BLOCKS = YES;
				GCC_OPTIMIZATION_LEVEL = 0;
				GCC_PREPROCESSOR_DEFINITIONS = (
					"DEBUG=1",
					"$(inherited)",
				);
				GCC_WARN_64_TO_32_BIT_CONVERSION = YES;
				GCC_WARN_ABOUT_RETURN_TYPE = YES_ERROR;
				GCC_WARN_UNDECLARED_SELECTOR = YES;
				GCC_WARN_UNINITIALIZED_AUTOS = YES_AGGRESSIVE;
				GCC_WARN_UNUSED_FUNCTION = YES;
				GCC_WARN_UNUSED_VARIABLE = YES;
				IPHONEOS_DEPLOYMENT_TARGET = 14.1;
				MTL_ENABLE_DEBUG_INFO = INCLUDE_SOURCE;
				MTL_FAST_MATH = YES;
				ONLY_ACTIVE_ARCH = YES;
				SDKROOT = iphoneos;
				SWIFT_ACTIVE_COMPILATION_CONDITIONS = DEBUG;
				SWIFT_OPTIMIZATION_LEVEL = "-Onone";
			};
			name = Debug;
		};
		D952803226EA9CEC004F55CE /* Release */ = {
			isa = XCBuildConfiguration;
			buildSettings = {
				ALWAYS_SEARCH_USER_PATHS = NO;
				CLANG_ANALYZER_NONNULL = YES;
				CLANG_ANALYZER_NUMBER_OBJECT_CONVERSION = YES_AGGRESSIVE;
				CLANG_CXX_LANGUAGE_STANDARD = "gnu++14";
				CLANG_CXX_LIBRARY = "libc++";
				CLANG_ENABLE_MODULES = YES;
				CLANG_ENABLE_OBJC_ARC = YES;
				CLANG_ENABLE_OBJC_WEAK = YES;
				CLANG_WARN_BLOCK_CAPTURE_AUTORELEASING = YES;
				CLANG_WARN_BOOL_CONVERSION = YES;
				CLANG_WARN_COMMA = YES;
				CLANG_WARN_CONSTANT_CONVERSION = YES;
				CLANG_WARN_DEPRECATED_OBJC_IMPLEMENTATIONS = YES;
				CLANG_WARN_DIRECT_OBJC_ISA_USAGE = YES_ERROR;
				CLANG_WARN_DOCUMENTATION_COMMENTS = YES;
				CLANG_WARN_EMPTY_BODY = YES;
				CLANG_WARN_ENUM_CONVERSION = YES;
				CLANG_WARN_INFINITE_RECURSION = YES;
				CLANG_WARN_INT_CONVERSION = YES;
				CLANG_WARN_NON_LITERAL_NULL_CONVERSION = YES;
				CLANG_WARN_OBJC_IMPLICIT_RETAIN_SELF = YES;
				CLANG_WARN_OBJC_LITERAL_CONVERSION = YES;
				CLANG_WARN_OBJC_ROOT_CLASS = YES_ERROR;
				CLANG_WARN_QUOTED_INCLUDE_IN_FRAMEWORK_HEADER = YES;
				CLANG_WARN_RANGE_LOOP_ANALYSIS = YES;
				CLANG_WARN_STRICT_PROTOTYPES = YES;
				CLANG_WARN_SUSPICIOUS_MOVE = YES;
				CLANG_WARN_UNGUARDED_AVAILABILITY = YES_AGGRESSIVE;
				CLANG_WARN_UNREACHABLE_CODE = YES;
				CLANG_WARN__DUPLICATE_METHOD_MATCH = YES;
				COPY_PHASE_STRIP = NO;
				DEBUG_INFORMATION_FORMAT = "dwarf-with-dsym";
				ENABLE_NS_ASSERTIONS = NO;
				ENABLE_STRICT_OBJC_MSGSEND = YES;
				GCC_C_LANGUAGE_STANDARD = gnu11;
				GCC_NO_COMMON_BLOCKS = YES;
				GCC_WARN_64_TO_32_BIT_CONVERSION = YES;
				GCC_WARN_ABOUT_RETURN_TYPE = YES_ERROR;
				GCC_WARN_UNDECLARED_SELECTOR = YES;
				GCC_WARN_UNINITIALIZED_AUTOS = YES_AGGRESSIVE;
				GCC_WARN_UNUSED_FUNCTION = YES;
				GCC_WARN_UNUSED_VARIABLE = YES;
				IPHONEOS_DEPLOYMENT_TARGET = 14.1;
				MTL_ENABLE_DEBUG_INFO = NO;
				MTL_FAST_MATH = YES;
				SDKROOT = iphoneos;
				SWIFT_COMPILATION_MODE = wholemodule;
				SWIFT_OPTIMIZATION_LEVEL = "-O";
				VALIDATE_PRODUCT = YES;
			};
			name = Release;
		};
		D952803426EA9CEC004F55CE /* Debug */ = {
			isa = XCBuildConfiguration;
			buildSettings = {
				ASSETCATALOG_COMPILER_APPICON_NAME = AppIcon;
				ASSETCATALOG_COMPILER_GLOBAL_ACCENT_COLOR_NAME = AccentColor;
				CODE_SIGN_STYLE = Automatic;
				DEVELOPMENT_TEAM = C3G8959J7G;
				INFOPLIST_FILE = githubDemo/Info.plist;
				LD_RUNPATH_SEARCH_PATHS = (
					"$(inherited)",
					"@executable_path/Frameworks",
				);
				PRODUCT_BUNDLE_IDENTIFIER = nill.githubDemo;
				PRODUCT_NAME = "$(TARGET_NAME)";
				SWIFT_VERSION = 5.0;
				TARGETED_DEVICE_FAMILY = "1,2";
			};
			name = Debug;
		};
		D952803526EA9CEC004F55CE /* Release */ = {
			isa = XCBuildConfiguration;
			buildSettings = {
				ASSETCATALOG_COMPILER_APPICON_NAME = AppIcon;
				ASSETCATALOG_COMPILER_GLOBAL_ACCENT_COLOR_NAME = AccentColor;
				CODE_SIGN_STYLE = Automatic;
				DEVELOPMENT_TEAM = C3G8959J7G;
				INFOPLIST_FILE = githubDemo/Info.plist;
				LD_RUNPATH_SEARCH_PATHS = (
					"$(inherited)",
					"@executable_path/Frameworks",
				);
				PRODUCT_BUNDLE_IDENTIFIER = nill.githubDemo;
				PRODUCT_NAME = "$(TARGET_NAME)";
				SWIFT_VERSION = 5.0;
				TARGETED_DEVICE_FAMILY = "1,2";
			};
			name = Release;
		};
/* End XCBuildConfiguration section */

/* Begin XCConfigurationList section */
		D952801A26EA9CEA004F55CE /* Build configuration list for PBXProject "githubDemo" */ = {
			isa = XCConfigurationList;
			buildConfigurations = (
				D952803126EA9CEC004F55CE /* Debug */,
				D952803226EA9CEC004F55CE /* Release */,
			);
			defaultConfigurationIsVisible = 0;
			defaultConfigurationName = Release;
		};
		D952803326EA9CEC004F55CE /* Build configuration list for PBXNativeTarget "githubDemo" */ = {
			isa = XCConfigurationList;
			buildConfigurations = (
				D952803426EA9CEC004F55CE /* Debug */,
				D952803526EA9CEC004F55CE /* Release */,
			);
			defaultConfigurationIsVisible = 0;
			defaultConfigurationName = Release;
		};
/* End XCConfigurationList section */
	};
	rootObject = D952801726EA9CEA004F55CE /* Project object */;
}
